
Microsoft Visual Studio Solution File, Format Version 12.00
# Visual Studio Version 17
VisualStudioVersion = 17.7.34031.279
MinimumVisualStudioVersion = 10.0.40219.1
Project("{9A19103F-16F7-4668-BE54-9A1E7A4F7556}") = "Ogani", "Ogani\Ogani.csproj", "{CF4FAB16-AFE5-4CC2-871E-3F7C39D6C531}"
EndProject
Global
	GlobalSection(SolutionConfigurationPlatforms) = preSolution
		Debug|Any CPU = Debug|Any CPU
		Release|Any CPU = Release|Any CPU
	EndGlobalSection
	GlobalSection(ProjectConfigurationPlatforms) = postSolution
		{CF4FAB16-AFE5-4CC2-871E-3F7C39D6C531}.Debug|Any CPU.ActiveCfg = Debug|Any CPU
		{CF4FAB16-AFE5-4CC2-871E-3F7C39D6C531}.Debug|Any CPU.Build.0 = Debug|Any CPU
		{CF4FAB16-AFE5-4CC2-871E-3F7C39D6C531}.Release|Any CPU.ActiveCfg = Release|Any CPU
		{CF4FAB16-AFE5-4CC2-871E-3F7C39D6C531}.Release|Any CPU.Build.0 = Release|Any CPU
	EndGlobalSection
	GlobalSection(SolutionProperties) = preSolution
		HideSolutionNode = FALSE
	EndGlobalSection
	GlobalSection(ExtensibilityGlobals) = postSolution
		SolutionGuid = {5764BD9C-6BE9-4CA4-9C36-31A0E889D102}
	EndGlobalSection
EndGlobal
